
Microsoft Visual Studio Solution File, Format Version 12.00
# Visual Studio 15
VisualStudioVersion = 15.0.26730.16
MinimumVisualStudioVersion = 10.0.40219.1
Project("{FAE04EC0-301F-11D3-BF4B-00C04F79EFBC}") = "SupportBot", "SupportBot\SupportBot.csproj", "{1CA2D218-B37B-4CEB-8BE3-2D8237574ADF}"
EndProject
Global
	GlobalSection(SolutionConfigurationPlatforms) = preSolution
		Debug|Any CPU = Debug|Any CPU
		Release|Any CPU = Release|Any CPU
	EndGlobalSection
	GlobalSection(ProjectConfigurationPlatforms) = postSolution
		{1CA2D218-B37B-4CEB-8BE3-2D8237574ADF}.Debug|Any CPU.ActiveCfg = Debug|Any CPU
		{1CA2D218-B37B-4CEB-8BE3-2D8237574ADF}.Debug|Any CPU.Build.0 = Debug|Any CPU
		{1CA2D218-B37B-4CEB-8BE3-2D8237574ADF}.Release|Any CPU.ActiveCfg = Release|Any CPU
		{1CA2D218-B37B-4CEB-8BE3-2D8237574ADF}.Release|Any CPU.Build.0 = Release|Any CPU
	EndGlobalSection
	GlobalSection(SolutionProperties) = preSolution
		HideSolutionNode = FALSE
	EndGlobalSection
	GlobalSection(ExtensibilityGlobals) = postSolution
		SolutionGuid = {BA205194-ADEE-4712-8406-5A79BA2BD94E}
	EndGlobalSection
EndGlobal
